PODS:
  - Alamofire (5.4.3)
  - Amplify (1.12.0):
    - Amplify/Default (= 1.12.0)
  - Amplify/Default (1.12.0)
  - AmplifyPlugins/AWSCognitoAuthPlugin (1.12.0):
    - AWSAuthCore (~> 2.24.0)
    - AWSCognitoIdentityProvider (~> 2.24.0)
    - AWSCognitoIdentityProviderASF (~> 2.24.0)
    - AWSCore (~> 2.24.0)
    - AWSMobileClient (~> 2.24.0)
    - AWSPluginsCore (= 1.12.0)
  - AWSAuthCore (2.24.4):
    - AWSCore (= 2.24.4)
  - AWSCognitoIdentityProvider (2.24.4):
    - AWSCognitoIdentityProviderASF (= 2.24.4)
    - AWSCore (= 2.24.4)
  - AWSCognitoIdentityProviderASF (2.24.4)
  - AWSCore (2.24.4)
  - AWSMobileClient (2.24.4):
    - AWSAuthCore (= 2.24.4)
    - AWSCognitoIdentityProvider (= 2.24.4)
    - AWSCognitoIdentityProviderASF (= 2.24.4)
    - AWSCore (= 2.24.4)
  - AWSPluginsCore (1.12.0):
    - Amplify (= 1.12.0)
    - AWSCore (~> 2.24.0)
  - Differentiator (5.0.0)
  - Nimble (9.2.0)
  - Quick (4.0.0)
  - RxAlamofire (6.1.1):
    - RxAlamofire/Core (= 6.1.1)
  - RxAlamofire/Core (6.1.1):
    - Alamofire (~> 5.4)
    - RxSwift (~> 6.0)
  - RxBlocking (6.2.0):
    - RxSwift (= 6.2.0)
  - RxCocoa (6.2.0):
    - RxRelay (= 6.2.0)
    - RxSwift (= 6.2.0)
  - RxDataSources (5.0.0):
    - Differentiator (~> 5.0)
    - RxCocoa (~> 6.0)
    - RxSwift (~> 6.0)
  - RxGesture (4.0.2):
    - RxCocoa (~> 6.0)
    - RxSwift (~> 6.0)
  - RxKeyboard (2.0.0):
    - RxCocoa (~> 6.0)
    - RxSwift (~> 6.0)
  - RxOptional (5.0.2):
    - RxCocoa (~> 6.0)
    - RxSwift (~> 6.0)
  - RxRelay (6.2.0):
    - RxSwift (= 6.2.0)
  - RxSwift (6.2.0)
  - RxTest (6.2.0):
    - RxSwift (= 6.2.0)
  - SnapKit (5.0.1)
  - Then (2.7.0)

DEPENDENCIES:
  - Alamofire
  - Amplify
  - AmplifyPlugins/AWSCognitoAuthPlugin
  - AWSMobileClient
  - Nimble
  - Quick
  - RxAlamofire
  - RxBlocking (= 6.2.0)
  - RxCocoa (= 6.2.0)
  - RxDataSources
  - RxGesture
  - RxKeyboard
  - RxOptional
  - RxSwift (= 6.2.0)
  - RxTest (= 6.2.0)
  - SnapKit
  - Then

SPEC REPOS:
  trunk:
    - Alamofire
    - Amplify
    - AmplifyPlugins
    - AWSAuthCore
    - AWSCognitoIdentityProvider
    - AWSCognitoIdentityProviderASF
    - AWSCore
    - AWSMobileClient
    - AWSPluginsCore
    - Differentiator
    - Nimble
    - Quick
    - RxAlamofire
    - RxBlocking
    - RxCocoa
    - RxDataSources
    - RxGesture
    - RxKeyboard
    - RxOptional
    - RxRelay
    - RxSwift
    - RxTest
    - SnapKit
    - Then

SPEC CHECKSUMS:
  Alamofire: e447a2774a40c996748296fa2c55112fdbbc42f9
  Amplify: e8b40b8f4eba1b60cc6cd3334b0e5295c6eee6d1
  AmplifyPlugins: 77415f53580b454673f19331653e0511313f9e00
  AWSAuthCore: 208b14f036d66b839d828e516cc5c718f511a6dd
  AWSCognitoIdentityProvider: f85025540fc944ed6060736ea6ed8519b7684e67
  AWSCognitoIdentityProviderASF: bf64d310e6100af4434fb192a17cccf344901149
  AWSCore: 31ae3b5c184d22af33d0f6dbf0245c7100763097
  AWSMobileClient: 1aafa6f159b5ce23253e46f34ea779932b7e097e
  AWSPluginsCore: f84365d3194cde865d405b10f20df865bb56a630
  Differentiator: e8497ceab83c1b10ca233716d547b9af21b9344d
  Nimble: 4f4a345c80b503b3ea13606a4f98405974ee4d0b
  Quick: 6473349e43b9271a8d43839d9ba1c442ed1b7ac4
  RxAlamofire: beb75a1c452d0de225651db4903f5d29d034a620
  RxBlocking: 0b29f7d2079109a8de49c411381bed7c33ef1eeb
  RxCocoa: 4baf94bb35f2c0ab31bc0cb9f1900155f646ba42
  RxDataSources: aa47cc1ed6c500fa0dfecac5c979b723542d79cf
  RxGesture: f059f2aeef966fb17dad56ee440e76410f10e55f
  RxKeyboard: 4f5863f43b4ff0cbb2a20b94688d6b80c8a43c14
  RxOptional: 3664964c96b69dd20c9cf78bdfe546615e26eca8
  RxRelay: e72dbfd157807478401ef1982e1c61c945c94b2f
  RxSwift: d356ab7bee873611322f134c5f9ef379fa183d8f
  RxTest: 0c692fa672b694373ba86d2b00033595297a2831
  SnapKit: 97b92857e3df3a0c71833cce143274bf6ef8e5eb
  Then: acfe0be7e98221c6204e12f8161459606d5d822d

PODFILE CHECKSUM: 000f1e8dbab4cf030c6b4faedc4d29fca0a5d4aa

COCOAPODS: 1.10.1
